<?xml version="1.0" encoding="utf-8"?>
<Project ToolsVersion="4.0" xmlns="http://schemas.microsoft.com/developer/msbuild/2003">
  <ItemGroup>
    <Filter Include="src" />
    <Filter Include="include" />
    <Filter Include="common" />
    <Filter Include="tools" />
    <Filter Include="manifests" />
  </ItemGroup>
  <ItemGroup>
    <ClInclude Include="..\include\aes_logger.h">
      <Filter>include</Filter>
    </ClInclude>
    <ClInclude Include="..\include\aes_module.h">
      <Filter>include</Filter>
    </ClInclude>
    <ClInclude Include="..\include\detection_examples.h">
      <Filter>include</Filter>
    </ClInclude>
    <ClInclude Include="..\common\*.h">
      <Filter>common</Filter>
    </ClInclude>
  </ItemGroup>
  <ItemGroup>
    <ClCompile Include="..\common\*.cpp">
      <Filter>common</Filter>
    </ClCompile>
    <ClCompile Include="..\src\aes_logger.cpp">
      <Filter>src</Filter>
    </ClCompile>
    <ClCompile Include="..\src\aes_modules.cpp">
      <Filter>src</Filter>
    </ClCompile>
    <ClCompile Include="..\src\benign_examples.cpp">
      <Filter>src</Filter>
    </ClCompile>
    <ClCompile Include="..\src\common.cpp">
      <Filter>src</Filter>
    </ClCompile>
    <ClCompile Include="..\src\cpu_timing_qpc.cpp">
      <Filter>src</Filter>
    </ClCompile>
    <ClCompile Include="..\src\direct_syscall_ntqueryvm.cpp">
      <Filter>src</Filter>
    </ClCompile>
    <ClCompile Include="..\src\detection_examples.cpp">
      <Filter>src</Filter>
    </ClCompile>
    <ClCompile Include="..\src\main.cpp">
      <Filter>src</Filter>
    </ClCompile>
    <ClCompile Include="..\src\modules_benign.cpp">
      <Filter>src</Filter>
    </ClCompile>
    <ClCompile Include="..\src\modules_detection.cpp">
      <Filter>src</Filter>
    </ClCompile>
    <ClCompile Include="..\src\ntallocate_stack_trace.cpp">
      <Filter>src</Filter>
    </ClCompile>
    <ClCompile Include="..\src\vm_chk.c">
      <Filter>src</Filter>
    </ClCompile>
  </ItemGroup>
  <ItemGroup>
    <None Include="..\Build.ps1">
      <Filter>tools</Filter>
    </None>
    <None Include="..\manifests\blackbird.detections.json">
      <Filter>manifests</Filter>
    </None>
    <None Include="..\manifests\README.md">
      <Filter>manifests</Filter>
    </None>
  </ItemGroup>
</Project>
